
Microsoft Visual Studio Solution File, Format Version 12.00
# Visual Studio 2015
Project("{FAE04EC0-301F-11D3-BF4B-00C04F79EFBC}") = "CR_G", "CR_G.csproj", "{C0CAE00B-72B1-6733-6B69-1C12DE30F362}"
EndProject
Global
	GlobalSection(SolutionConfigurationPlatforms) = preSolution
		Debug|Any CPU = Debug|Any CPU
		Release|Any CPU = Release|Any CPU
	EndGlobalSection
	GlobalSection(ProjectConfigurationPlatforms) = postSolution
		{C0CAE00B-72B1-6733-6B69-1C12DE30F362}.Debug|Any CPU.ActiveCfg = Debug|Any CPU
		{C0CAE00B-72B1-6733-6B69-1C12DE30F362}.Debug|Any CPU.Build.0 = Debug|Any CPU
		{C0CAE00B-72B1-6733-6B69-1C12DE30F362}.Release|Any CPU.ActiveCfg = Release|Any CPU
		{C0CAE00B-72B1-6733-6B69-1C12DE30F362}.Release|Any CPU.Build.0 = Release|Any CPU
	EndGlobalSection
	GlobalSection(SolutionProperties) = preSolution
		HideSolutionNode = FALSE
	EndGlobalSection
EndGlobal
